<?xml version="1.0" encoding="UTF-8" standalone="yes" ?>
<CodeBlocks_project_file>
   <FileVersion major="1" minor="6" />
   <Project>
      <Option title="Project" />
      <Option makefile_is_custom="1" />
      <Option compiler="gcc" />
      <Option virtualFolders="CMake Files\;" />
      <Build>
      <Target title="all">
         <Option working_dir="/Volumes/~adubicki/g2/icg/build-assignment2-Desktop-Default" />
         <Option type="4" />
         <MakeCommands>
            <Build command="/usr/bin/make -f &quot;/Volumes/~adubicki/g2/icg/build-assignment2-Desktop-Default/Makefile&quot;  VERBOSE=1 all" />
            <CompileFile command="/usr/bin/make -f &quot;/Volumes/~adubicki/g2/icg/build-assignment2-Desktop-Default/Makefile&quot;  VERBOSE=1 &quot;$file&quot;" />
            <Clean command="/usr/bin/make -f &quot;/Volumes/~adubicki/g2/icg/build-assignment2-Desktop-Default/Makefile&quot;  VERBOSE=1 clean" />
            <DistClean command="/usr/bin/make -f &quot;/Volumes/~adubicki/g2/icg/build-assignment2-Desktop-Default/Makefile&quot;  VERBOSE=1 clean" />
         </MakeCommands>
      </Target>
      <Target title="edit_cache">
         <Option working_dir="/Volumes/~adubicki/g2/icg/build-assignment2-Desktop-Default" />
         <Option type="4" />
         <MakeCommands>
            <Build command="/usr/bin/make -f &quot;/Volumes/~adubicki/g2/icg/build-assignment2-Desktop-Default/Makefile&quot;  VERBOSE=1 edit_cache" />
            <CompileFile command="/usr/bin/make -f &quot;/Volumes/~adubicki/g2/icg/build-assignment2-Desktop-Default/Makefile&quot;  VERBOSE=1 &quot;$file&quot;" />
            <Clean command="/usr/bin/make -f &quot;/Volumes/~adubicki/g2/icg/build-assignment2-Desktop-Default/Makefile&quot;  VERBOSE=1 clean" />
            <DistClean command="/usr/bin/make -f &quot;/Volumes/~adubicki/g2/icg/build-assignment2-Desktop-Default/Makefile&quot;  VERBOSE=1 clean" />
         </MakeCommands>
      </Target>
      <Target title="rebuild_cache">
         <Option working_dir="/Volumes/~adubicki/g2/icg/build-assignment2-Desktop-Default" />
         <Option type="4" />
         <MakeCommands>
            <Build command="/usr/bin/make -f &quot;/Volumes/~adubicki/g2/icg/build-assignment2-Desktop-Default/Makefile&quot;  VERBOSE=1 rebuild_cache" />
            <CompileFile command="/usr/bin/make -f &quot;/Volumes/~adubicki/g2/icg/build-assignment2-Desktop-Default/Makefile&quot;  VERBOSE=1 &quot;$file&quot;" />
            <Clean command="/usr/bin/make -f &quot;/Volumes/~adubicki/g2/icg/build-assignment2-Desktop-Default/Makefile&quot;  VERBOSE=1 clean" />
            <DistClean command="/usr/bin/make -f &quot;/Volumes/~adubicki/g2/icg/build-assignment2-Desktop-Default/Makefile&quot;  VERBOSE=1 clean" />
         </MakeCommands>
      </Target>
      <Target title="assignment2">
         <Option output="/Volumes/~adubicki/g2/icg/assignment2/assignment2" prefix_auto="0" extension_auto="0" />
         <Option working_dir="/Volumes/~adubicki/g2/icg/assignment2" />
         <Option object_output="./" />
         <Option type="1" />
         <Option compiler="gcc" />
         <Compiler>
            <Add directory="/Applications/Xcode.app/Contents/Developer/Platforms/MacOSX.platform/Developer/SDKs/MacOSX10.12.sdk/System/Library/Frameworks" />
            <Add directory="/Applications/Xcode.app/Contents/Developer/Platforms/MacOSX.platform/Developer/SDKs/MacOSX10.12.sdk/usr/include" />
            <Add directory="/Applications/Xcode.app/Contents/Developer/Toolchains/XcodeDefault.xctoolchain/usr/bin/../include/c++/v1" />
            <Add directory="/Applications/Xcode.app/Contents/Developer/Toolchains/XcodeDefault.xctoolchain/usr/bin/../lib/clang/8.0.0/include" />
            <Add directory="/Applications/Xcode.app/Contents/Developer/Toolchains/XcodeDefault.xctoolchain/usr/include" />
            <Add directory="/Library/Frameworks" />
            <Add directory="/System/Library/Frameworks" />
            <Add directory="/usr/local/include" />
         </Compiler>
         <MakeCommands>
            <Build command="/usr/bin/make -f &quot;/Volumes/~adubicki/g2/icg/build-assignment2-Desktop-Default/Makefile&quot;  VERBOSE=1 assignment2" />
            <CompileFile command="/usr/bin/make -f &quot;/Volumes/~adubicki/g2/icg/build-assignment2-Desktop-Default/Makefile&quot;  VERBOSE=1 &quot;$file&quot;" />
            <Clean command="/usr/bin/make -f &quot;/Volumes/~adubicki/g2/icg/build-assignment2-Desktop-Default/Makefile&quot;  VERBOSE=1 clean" />
            <DistClean command="/usr/bin/make -f &quot;/Volumes/~adubicki/g2/icg/build-assignment2-Desktop-Default/Makefile&quot;  VERBOSE=1 clean" />
         </MakeCommands>
      </Target>
      <Target title="assignment2/fast">
         <Option output="/Volumes/~adubicki/g2/icg/assignment2/assignment2" prefix_auto="0" extension_auto="0" />
         <Option working_dir="/Volumes/~adubicki/g2/icg/assignment2" />
         <Option object_output="./" />
         <Option type="1" />
         <Option compiler="gcc" />
         <Compiler>
            <Add directory="/Applications/Xcode.app/Contents/Developer/Platforms/MacOSX.platform/Developer/SDKs/MacOSX10.12.sdk/System/Library/Frameworks" />
            <Add directory="/Applications/Xcode.app/Contents/Developer/Platforms/MacOSX.platform/Developer/SDKs/MacOSX10.12.sdk/usr/include" />
            <Add directory="/Applications/Xcode.app/Contents/Developer/Toolchains/XcodeDefault.xctoolchain/usr/bin/../include/c++/v1" />
            <Add directory="/Applications/Xcode.app/Contents/Developer/Toolchains/XcodeDefault.xctoolchain/usr/bin/../lib/clang/8.0.0/include" />
            <Add directory="/Applications/Xcode.app/Contents/Developer/Toolchains/XcodeDefault.xctoolchain/usr/include" />
            <Add directory="/Library/Frameworks" />
            <Add directory="/System/Library/Frameworks" />
            <Add directory="/usr/local/include" />
         </Compiler>
         <MakeCommands>
            <Build command="/usr/bin/make -f &quot;/Volumes/~adubicki/g2/icg/build-assignment2-Desktop-Default/Makefile&quot;  VERBOSE=1 assignment2/fast" />
            <CompileFile command="/usr/bin/make -f &quot;/Volumes/~adubicki/g2/icg/build-assignment2-Desktop-Default/Makefile&quot;  VERBOSE=1 &quot;$file&quot;" />
            <Clean command="/usr/bin/make -f &quot;/Volumes/~adubicki/g2/icg/build-assignment2-Desktop-Default/Makefile&quot;  VERBOSE=1 clean" />
            <DistClean command="/usr/bin/make -f &quot;/Volumes/~adubicki/g2/icg/build-assignment2-Desktop-Default/Makefile&quot;  VERBOSE=1 clean" />
         </MakeCommands>
      </Target>
      </Build>
      <Unit filename="/Volumes/~adubicki/g2/icg/assignment2/Bezier/Bezier.h">
         <Option target="assignment2"/>
      </Unit>
      <Unit filename="/Volumes/~adubicki/g2/icg/assignment2/Quad/Quad.h">
         <Option target="assignment2"/>
      </Unit>
      <Unit filename="/Volumes/~adubicki/g2/icg/assignment2/Triangle/Triangle.h">
         <Option target="assignment2"/>
      </Unit>
      <Unit filename="/Volumes/~adubicki/g2/icg/assignment2/main.cpp">
         <Option target="assignment2"/>
      </Unit>
      <Unit filename="/Volumes/~adubicki/g2/icg/assignment2/CMakeLists.txt">
          <Option virtualFolder="CMake Files\" />
      </Unit>
   </Project>
</CodeBlocks_project_file>
